
Microsoft Visual Studio Solution File, Format Version 12.00
# Visual Studio Version 17
VisualStudioVersion = 17.8.34309.116
MinimumVisualStudioVersion = 10.0.40219.1
Project("{FAE04EC0-301F-11D3-BF4B-00C04F79EFBC}") = "Calculator", "Calculator\Calculator.csproj", "{1FD376E8-A53F-44F7-8A8D-225CBDCA318E}"
EndProject
Global
	GlobalSection(SolutionConfigurationPlatforms) = preSolution
		Debug|Any CPU = Debug|Any CPU
		Release|Any CPU = Release|Any CPU
	EndGlobalSection
	GlobalSection(ProjectConfigurationPlatforms) = postSolution
		{1FD376E8-A53F-44F7-8A8D-225CBDCA318E}.Debug|Any CPU.ActiveCfg = Debug|Any CPU
		{1FD376E8-A53F-44F7-8A8D-225CBDCA318E}.Debug|Any CPU.Build.0 = Debug|Any CPU
		{1FD376E8-A53F-44F7-8A8D-225CBDCA318E}.Release|Any CPU.ActiveCfg = Release|Any CPU
		{1FD376E8-A53F-44F7-8A8D-225CBDCA318E}.Release|Any CPU.Build.0 = Release|Any CPU
	EndGlobalSection
	GlobalSection(SolutionProperties) = preSolution
		HideSolutionNode = FALSE
	EndGlobalSection
	GlobalSection(ExtensibilityGlobals) = postSolution
		SolutionGuid = {CCE18178-5AA2-4B21-9541-B52F5931EC60}
	EndGlobalSection
EndGlobal
